
Microsoft Visual Studio Solution File, Format Version 12.00
# Visual Studio 14
VisualStudioVersion = 14.0.23107.0
MinimumVisualStudioVersion = 10.0.40219.1
Project("{FAE04EC0-301F-11D3-BF4B-00C04F79EFBC}") = "ParagraphAnalyser", "ParagraphAnalyser\ParagraphAnalyser.csproj", "{82A726C4-4FB3-475B-8FA5-B49D1EAD5774}"
EndProject
Project("{FAE04EC0-301F-11D3-BF4B-00C04F79EFBC}") = "ParagraphAnalyserTests", "ParagraphAnalyserTests\ParagraphAnalyserTests.csproj", "{B836ED28-4661-4065-919B-CC91B3F4BDEC}"
EndProject
Global
	GlobalSection(SolutionConfigurationPlatforms) = preSolution
		Debug|Any CPU = Debug|Any CPU
		Release|Any CPU = Release|Any CPU
	EndGlobalSection
	GlobalSection(ProjectConfigurationPlatforms) = postSolution
		{82A726C4-4FB3-475B-8FA5-B49D1EAD5774}.Debug|Any CPU.ActiveCfg = Debug|Any CPU
		{82A726C4-4FB3-475B-8FA5-B49D1EAD5774}.Debug|Any CPU.Build.0 = Debug|Any CPU
		{82A726C4-4FB3-475B-8FA5-B49D1EAD5774}.Release|Any CPU.ActiveCfg = Release|Any CPU
		{82A726C4-4FB3-475B-8FA5-B49D1EAD5774}.Release|Any CPU.Build.0 = Release|Any CPU
		{B836ED28-4661-4065-919B-CC91B3F4BDEC}.Debug|Any CPU.ActiveCfg = Debug|Any CPU
		{B836ED28-4661-4065-919B-CC91B3F4BDEC}.Debug|Any CPU.Build.0 = Debug|Any CPU
		{B836ED28-4661-4065-919B-CC91B3F4BDEC}.Release|Any CPU.ActiveCfg = Release|Any CPU
		{B836ED28-4661-4065-919B-CC91B3F4BDEC}.Release|Any CPU.Build.0 = Release|Any CPU
	EndGlobalSection
	GlobalSection(SolutionProperties) = preSolution
		HideSolutionNode = FALSE
	EndGlobalSection
EndGlobal
